{
  "version": 4,
  "terraform_version": "1.9.6",
  "serial": 69,
  "lineage": "48aa5003-bf65-b33d-e9d7-647621870ecc",
  "outputs": {},
  "resources": [
    {
      "mode": "managed",
      "type": "google_compute_disk",
      "name": "additional_disk",
      "provider": "provider[\"registry.terraform.io/hashicorp/google\"]",
      "instances": [
        {
          "schema_version": 0,
          "attributes": {
            "access_mode": "",
            "async_primary_disk": [],
            "creation_timestamp": "2024-12-05T15:30:47.509-08:00",
            "description": "",
            "disk_encryption_key": [],
            "disk_id": "8053089594658228552",
            "effective_labels": {
              "goog-terraform-provisioned": "true"
            },
            "enable_confidential_compute": false,
            "guest_os_features": [],
            "id": "projects/project-2-443816/zones/us-east1-b/disks/my-disk",
            "image": "",
            "label_fingerprint": "vezUS-42LLM=",
            "labels": null,
            "last_attach_timestamp": "",
            "last_detach_timestamp": "",
            "licenses": [],
            "name": "my-disk",
            "physical_block_size_bytes": 4096,
            "project": "project-2-443816",
            "provisioned_iops": 0,
            "provisioned_throughput": 0,
            "self_link": "https://www.googleapis.com/compute/v1/projects/project-2-443816/zones/us-east1-b/disks/my-disk",
            "size": 20,
            "snapshot": "",
            "source_disk": "",
            "source_disk_id": "",
            "source_image_encryption_key": [],
            "source_image_id": "",
            "source_snapshot_encryption_key": [],
            "source_snapshot_id": "",
            "storage_pool": "",
            "terraform_labels": {
              "goog-terraform-provisioned": "true"
            },
            "timeouts": null,
            "type": "pd-standard",
            "users": [],
            "zone": "us-east1-b"
          },
          "sensitive_attributes": [],
          "private": "eyJlMmJmYjczMC1lY2FhLTExZTYtOGY4OC0zNDM2M2JjN2M0YzAiOnsiY3JlYXRlIjoxMjAwMDAwMDAwMDAwLCJkZWxldGUiOjEyMDAwMDAwMDAwMDAsInVwZGF0ZSI6MTIwMDAwMDAwMDAwMH19"
        }
      ]
    },
    {
      "mode": "managed",
      "type": "google_compute_firewall",
      "name": "web_server_sg",
      "provider": "provider[\"registry.terraform.io/hashicorp/google\"]",
      "instances": [
        {
          "schema_version": 1,
          "attributes": {
            "allow": [
              {
                "ports": [
                  "22",
                  "80",
                  "8090",
                  "9090",
                  "3000",
                  "3100",
                  "8081",
                  "5173",
                  "5432",
                  "8080",
                  "8000"
                ],
                "protocol": "tcp"
              }
            ],
            "creation_timestamp": "2024-12-05T15:30:59.347-08:00",
            "deny": [],
            "description": "",
            "destination_ranges": [],
            "direction": "INGRESS",
            "disabled": false,
            "enable_logging": null,
            "id": "projects/project-2-443816/global/firewalls/web-server-sg",
            "log_config": [],
            "name": "web-server-sg",
            "network": "https://www.googleapis.com/compute/v1/projects/project-2-443816/global/networks/main-vpc",
            "priority": 1000,
            "project": "project-2-443816",
            "self_link": "https://www.googleapis.com/compute/v1/projects/project-2-443816/global/firewalls/web-server-sg",
            "source_ranges": [
              "0.0.0.0/0"
            ],
            "source_service_accounts": null,
            "source_tags": null,
            "target_service_accounts": null,
            "target_tags": null,
            "timeouts": null
          },
          "sensitive_attributes": [],
          "private": "eyJlMmJmYjczMC1lY2FhLTExZTYtOGY4OC0zNDM2M2JjN2M0YzAiOnsiY3JlYXRlIjoxMjAwMDAwMDAwMDAwLCJkZWxldGUiOjEyMDAwMDAwMDAwMDAsInVwZGF0ZSI6MTIwMDAwMDAwMDAwMH0sInNjaGVtYV92ZXJzaW9uIjoiMSJ9",
          "dependencies": [
            "google_compute_network.main"
          ]
        }
      ]
    },
    {
      "mode": "managed",
      "type": "google_compute_instance",
      "name": "web_server",
      "provider": "provider[\"registry.terraform.io/hashicorp/google\"]",
      "instances": [
        {
          "status": "tainted",
          "schema_version": 6,
          "attributes": {
            "advanced_machine_features": [],
            "allow_stopping_for_update": null,
            "attached_disk": [
              {
                "device_name": "my-disk",
                "disk_encryption_key_raw": "",
                "disk_encryption_key_sha256": "",
                "kms_key_self_link": "",
                "mode": "READ_WRITE",
                "source": "https://www.googleapis.com/compute/v1/projects/project-2-443816/zones/us-east1-b/disks/my-disk"
              }
            ],
            "boot_disk": [
              {
                "auto_delete": true,
                "device_name": "persistent-disk-0",
                "disk_encryption_key_raw": "",
                "disk_encryption_key_sha256": "",
                "initialize_params": [
                  {
                    "enable_confidential_compute": false,
                    "image": "https://www.googleapis.com/compute/v1/projects/ubuntu-os-cloud/global/images/ubuntu-2004-focal-v20241115",
                    "labels": {},
                    "provisioned_iops": 0,
                    "provisioned_throughput": 0,
                    "resource_manager_tags": null,
                    "resource_policies": [],
                    "size": 10,
                    "storage_pool": "",
                    "type": "pd-standard"
                  }
                ],
                "interface": "",
                "kms_key_self_link": "",
                "mode": "READ_WRITE",
                "source": "https://www.googleapis.com/compute/v1/projects/project-2-443816/zones/us-east1-b/disks/web-server"
              }
            ],
            "can_ip_forward": false,
            "confidential_instance_config": [],
            "cpu_platform": "Intel Broadwell",
            "creation_timestamp": "2024-12-05T15:31:24.946-08:00",
            "current_status": "RUNNING",
            "deletion_protection": false,
            "description": "",
            "desired_status": null,
            "effective_labels": {
              "goog-terraform-provisioned": "true"
            },
            "enable_display": false,
            "guest_accelerator": [],
            "hostname": "",
            "id": "projects/project-2-443816/zones/us-east1-b/instances/web-server",
            "instance_id": "577857607637633315",
            "key_revocation_action_type": "",
            "label_fingerprint": "vezUS-42LLM=",
            "labels": null,
            "machine_type": "e2-medium",
            "metadata": {
              "ssh-keys": "ubuntu:ssh-rsa AAAAB3NzaC1yc2EAAAADAQABAAABAQDvosANzlDXVCQbgBU1JETvE+JcGhyjnyHriTxPcXjmki0kZIgjs9nB8Kwl6MnI+JkOpg1QHwU/IcpIx3jA2H0qP8JckhxUg83N/GqRA5xqrUbjxc3sE2Y/rX1KPNHnh47KdBZeKxJGYZFNhsZt2Z8MpsOanAZUYHQrgXk19KmWr7pioWLg5LDyZ42MMw7xhMHicPu+IVDkxs7ZsbEXlCiDnINRSRu1NNZ/ASanNaQ6Q8GRRByI6Y7EVjdAy/jpA7zYjpSomsD/H7vH9aAhooiwO7Ayla5jGGpkyWERjemFWC1L4gyFgxKKZLhWR6c81iTLUA+Sg4le3+qKdObib2b7\n"
            },
            "metadata_fingerprint": "bFCG5e7bAL8=",
            "metadata_startup_script": null,
            "min_cpu_platform": "",
            "name": "web-server",
            "network_interface": [
              {
                "access_config": [
                  {
                    "nat_ip": "104.196.6.30",
                    "network_tier": "PREMIUM",
                    "public_ptr_domain_name": ""
                  }
                ],
                "alias_ip_range": [],
                "internal_ipv6_prefix_length": 0,
                "ipv6_access_config": [],
                "ipv6_access_type": "",
                "ipv6_address": "",
                "name": "nic0",
                "network": "https://www.googleapis.com/compute/v1/projects/project-2-443816/global/networks/main-vpc",
                "network_ip": "10.0.1.2",
                "nic_type": "",
                "queue_count": 0,
                "stack_type": "IPV4_ONLY",
                "subnetwork": "https://www.googleapis.com/compute/v1/projects/project-2-443816/regions/us-east1/subnetworks/main-subnet",
                "subnetwork_project": "project-2-443816"
              }
            ],
            "network_performance_config": [],
            "params": [],
            "project": "project-2-443816",
            "reservation_affinity": [],
            "resource_policies": null,
            "scheduling": [
              {
                "automatic_restart": true,
                "instance_termination_action": "",
                "local_ssd_recovery_timeout": [],
                "max_run_duration": [],
                "min_node_cpus": 0,
                "node_affinities": [],
                "on_host_maintenance": "MIGRATE",
                "on_instance_stop_action": [],
                "preemptible": false,
                "provisioning_model": "STANDARD"
              }
            ],
            "scratch_disk": [],
            "self_link": "https://www.googleapis.com/compute/v1/projects/project-2-443816/zones/us-east1-b/instances/web-server",
            "service_account": [],
            "shielded_instance_config": [
              {
                "enable_integrity_monitoring": true,
                "enable_secure_boot": false,
                "enable_vtpm": true
              }
            ],
            "tags": null,
            "tags_fingerprint": "42WmSpB8rSM=",
            "terraform_labels": {
              "goog-terraform-provisioned": "true"
            },
            "timeouts": null,
            "zone": "us-east1-b"
          },
          "sensitive_attributes": [
            [
              {
                "type": "get_attr",
                "value": "attached_disk"
              },
              {
                "type": "index",
                "value": {
                  "value": 0,
                  "type": "number"
                }
              },
              {
                "type": "get_attr",
                "value": "disk_encryption_key_raw"
              }
            ],
            [
              {
                "type": "get_attr",
                "value": "boot_disk"
              },
              {
                "type": "index",
                "value": {
                  "value": 0,
                  "type": "number"
                }
              },
              {
                "type": "get_attr",
                "value": "disk_encryption_key_raw"
              }
            ]
          ],
          "private": "eyJlMmJmYjczMC1lY2FhLTExZTYtOGY4OC0zNDM2M2JjN2M0YzAiOnsiY3JlYXRlIjoxMjAwMDAwMDAwMDAwLCJkZWxldGUiOjEyMDAwMDAwMDAwMDAsInVwZGF0ZSI6MTIwMDAwMDAwMDAwMH0sInNjaGVtYV92ZXJzaW9uIjoiNiJ9",
          "dependencies": [
            "google_compute_disk.additional_disk",
            "google_compute_firewall.web_server_sg",
            "google_compute_network.main",
            "google_compute_subnetwork.main",
            "tls_private_key.web_server_key"
          ]
        }
      ]
    },
    {
      "mode": "managed",
      "type": "google_compute_network",
      "name": "main",
      "provider": "provider[\"registry.terraform.io/hashicorp/google\"]",
      "instances": [
        {
          "schema_version": 0,
          "attributes": {
            "auto_create_subnetworks": false,
            "delete_default_routes_on_create": false,
            "description": "",
            "enable_ula_internal_ipv6": false,
            "gateway_ipv4": "",
            "id": "projects/project-2-443816/global/networks/main-vpc",
            "internal_ipv6_range": "",
            "mtu": 0,
            "name": "main-vpc",
            "network_firewall_policy_enforcement_order": "AFTER_CLASSIC_FIREWALL",
            "numeric_id": "1556845439406278985",
            "project": "project-2-443816",
            "routing_mode": "REGIONAL",
            "self_link": "https://www.googleapis.com/compute/v1/projects/project-2-443816/global/networks/main-vpc",
            "timeouts": null
          },
          "sensitive_attributes": [],
          "private": "eyJlMmJmYjczMC1lY2FhLTExZTYtOGY4OC0zNDM2M2JjN2M0YzAiOnsiY3JlYXRlIjoxMjAwMDAwMDAwMDAwLCJkZWxldGUiOjEyMDAwMDAwMDAwMDAsInVwZGF0ZSI6MTIwMDAwMDAwMDAwMH19"
        }
      ]
    },
    {
      "mode": "managed",
      "type": "google_compute_subnetwork",
      "name": "main",
      "provider": "provider[\"registry.terraform.io/hashicorp/google\"]",
      "instances": [
        {
          "schema_version": 0,
          "attributes": {
            "creation_timestamp": "2024-12-05T15:30:59.834-08:00",
            "description": "",
            "external_ipv6_prefix": "",
            "fingerprint": null,
            "gateway_address": "10.0.1.1",
            "id": "projects/project-2-443816/regions/us-east1/subnetworks/main-subnet",
            "internal_ipv6_prefix": "",
            "ip_cidr_range": "10.0.1.0/24",
            "ipv6_access_type": "",
            "ipv6_cidr_range": "",
            "log_config": [],
            "name": "main-subnet",
            "network": "https://www.googleapis.com/compute/v1/projects/project-2-443816/global/networks/main-vpc",
            "private_ip_google_access": true,
            "private_ipv6_google_access": "DISABLE_GOOGLE_ACCESS",
            "project": "project-2-443816",
            "purpose": "PRIVATE",
            "region": "us-east1",
            "reserved_internal_range": "",
            "role": "",
            "secondary_ip_range": [],
            "self_link": "https://www.googleapis.com/compute/v1/projects/project-2-443816/regions/us-east1/subnetworks/main-subnet",
            "send_secondary_ip_range_if_empty": null,
            "stack_type": "IPV4_ONLY",
            "timeouts": null
          },
          "sensitive_attributes": [],
          "private": "eyJlMmJmYjczMC1lY2FhLTExZTYtOGY4OC0zNDM2M2JjN2M0YzAiOnsiY3JlYXRlIjoxMjAwMDAwMDAwMDAwLCJkZWxldGUiOjEyMDAwMDAwMDAwMDAsInVwZGF0ZSI6MTIwMDAwMDAwMDAwMH19",
          "dependencies": [
            "google_compute_network.main"
          ]
        }
      ]
    },
    {
      "mode": "managed",
      "type": "tls_private_key",
      "name": "web_server_key",
      "provider": "provider[\"registry.terraform.io/hashicorp/tls\"]",
      "instances": [
        {
          "schema_version": 1,
          "attributes": {
            "algorithm": "RSA",
            "ecdsa_curve": "P224",
            "id": "889ad4848fa9a8fd5cb5d7ff6d6b47804a6e0a87",
            "private_key_openssh": "-----BEGIN OPENSSH PRIVATE KEY-----\nb3BlbnNzaC1rZXktdjEAAAAABG5vbmUAAAAEbm9uZQAAAAAAAAABAAABFwAAAAdz\nc2gtcnNhAAAAAwEAAQAAAQEA76LADc5Q11QkG4AVNSRE7xPiXBoco58h64k8T3F4\n5pItJGSII7PZwfCsJejJyPiZDqYNUB8FPyHKSMd4wNh9Kj/CXJIcVIPNzfxqkQOc\naq1G48XN7BNmP619SjzR54eOynQWXisSRmGRTYbGbdmfDKbDmpwGVGB0K4F5NfSp\nlq+6YqFi4OSw8meNjDMO8YTB4nD7viFQ5MbO2bGxF5Qog5yDUUkbtTTWfwEmpzWk\nOkPBkUQciOmOxFY3QMv46QO82I6UqJrA/x+7x/WgIaKIsDuwMpWuYxhqZMlhEY3p\nhVgtS+IMhYMSimS4VkenPNYky1APkoOJXt/qinTm4m9m+wAAA7jUHGpj1BxqYwAA\nAAdzc2gtcnNhAAABAQDvosANzlDXVCQbgBU1JETvE+JcGhyjnyHriTxPcXjmki0k\nZIgjs9nB8Kwl6MnI+JkOpg1QHwU/IcpIx3jA2H0qP8JckhxUg83N/GqRA5xqrUbj\nxc3sE2Y/rX1KPNHnh47KdBZeKxJGYZFNhsZt2Z8MpsOanAZUYHQrgXk19KmWr7pi\noWLg5LDyZ42MMw7xhMHicPu+IVDkxs7ZsbEXlCiDnINRSRu1NNZ/ASanNaQ6Q8GR\nRByI6Y7EVjdAy/jpA7zYjpSomsD/H7vH9aAhooiwO7Ayla5jGGpkyWERjemFWC1L\n4gyFgxKKZLhWR6c81iTLUA+Sg4le3+qKdObib2b7AAAAAwEAAQAAAQEApIF3koK1\n4Hx0pSRSar7RS8a8uDl8u558rLLzYh4lvzNOJhOVmdzXeln787JRA9QVTocT0JLb\nCTHrKfc1oD19/0jx5pavOB2bZPMJPS/bayg06BxcdtoCcWhqAFKsTmMy1SzIRjEP\nRJ2qICyLf9HLa+X3leXSOo5UcaFaUn35BeWc2b/UBA7ISs9rQOnrPcugU/n9K2It\nqYF6z0ro9Z4aTD7xsRy/jPUTSdakyZY4P9igIHRErI8C8e9LCcqsHOA0WQ3uSRnD\ndwQaN19hnmo4gDALXzxby3AVJ/KMWOmwgDkX5HYU/i6FqLYV8SqwGfu4r3NnGV8v\ngCJETm/PEmUmwQAAAIBuA1IB8t3N7LgKzz9rvdifHmUrn9BV8x5WpDj8czJGOzNr\nHg8q3R//9CavveWLz/WXM8Pw5UjpO5dGmtE1BLiW8nMmog4yjqZveOESEKnFdLlP\nT0ctZA6CWaBRG3npAFrh4yJg1OcyiKca1tgwRHRHP/tOCgs7E2s3M0g0mKEm3wAA\nAIEA9Ni9WH/uoQd+ne1Ql1uz1XPq7InTciy8mU7SRvc4H6aLNWIJ7SiZ/Bzyt06k\n2x1CjhZsZHtbGKmei5iM1i/S5gOkepMPOQw1YpH9auRjFA1z14IZLA/MGpSvWdCp\n3I6kYe9j/Y0+RbIHuQzZ17dInWuqWrYSxUIFOX1K3OKmwhEAAACBAPqNPn4YKCUZ\nQ3dLdddaJOvATP30kRlRYg1MHKaKnIQTfhbRxPEzHjQCVkZ3cixq4An+E/54Nupc\nNbOvf13bqPCik+lEpdm5LJj9MgxlgD0NV73WAj6dHIirMm/6ZqeFJuTmt7+US6br\nQYtQeyze2uk80rN6y7w642I3Tgmq/8xLAAAAAAEC\n-----END OPENSSH PRIVATE KEY-----\n",
            "private_key_pem": "-----BEGIN RSA PRIVATE KEY-----\nMIIEpQIBAAKCAQEA76LADc5Q11QkG4AVNSRE7xPiXBoco58h64k8T3F45pItJGSI\nI7PZwfCsJejJyPiZDqYNUB8FPyHKSMd4wNh9Kj/CXJIcVIPNzfxqkQOcaq1G48XN\n7BNmP619SjzR54eOynQWXisSRmGRTYbGbdmfDKbDmpwGVGB0K4F5NfSplq+6YqFi\n4OSw8meNjDMO8YTB4nD7viFQ5MbO2bGxF5Qog5yDUUkbtTTWfwEmpzWkOkPBkUQc\niOmOxFY3QMv46QO82I6UqJrA/x+7x/WgIaKIsDuwMpWuYxhqZMlhEY3phVgtS+IM\nhYMSimS4VkenPNYky1APkoOJXt/qinTm4m9m+wIDAQABAoIBAQCkgXeSgrXgfHSl\nJFJqvtFLxry4OXy7nnyssvNiHiW/M04mE5WZ3Nd6WfvzslED1BVOhxPQktsJMesp\n9zWgPX3/SPHmlq84HZtk8wk9L9trKDToHFx22gJxaGoAUqxOYzLVLMhGMQ9Enaog\nLIt/0ctr5feV5dI6jlRxoVpSffkF5ZzZv9QEDshKz2tA6es9y6BT+f0rYi2pgXrP\nSuj1nhpMPvGxHL+M9RNJ1qTJljg/2KAgdESsjwLx70sJyqwc4DRZDe5JGcN3BBo3\nX2GeajiAMAtfPFvLcBUn8oxY6bCAORfkdhT+LoWothXxKrAZ+7ivc2cZXy+AIkRO\nb88SZSbBAoGBAPTYvVh/7qEHfp3tUJdbs9Vz6uyJ03IsvJlO0kb3OB+mizViCe0o\nmfwc8rdOpNsdQo4WbGR7WxipnouYjNYv0uYDpHqTDzkMNWKR/WrkYxQNc9eCGSwP\nzBqUr1nQqdyOpGHvY/2NPkWyB7kM2de3SJ1rqlq2EsVCBTl9StzipsIRAoGBAPqN\nPn4YKCUZQ3dLdddaJOvATP30kRlRYg1MHKaKnIQTfhbRxPEzHjQCVkZ3cixq4An+\nE/54NupcNbOvf13bqPCik+lEpdm5LJj9MgxlgD0NV73WAj6dHIirMm/6ZqeFJuTm\nt7+US6brQYtQeyze2uk80rN6y7w642I3Tgmq/8xLAoGBAM9EIpUmRyU9qOublxtp\n34QUCoyN59bBFC5bURoN8Q6p9zILegeu1RtcjgKqqldqH4sUZFFzMxxfifz1+FLg\nTRG1h6jTkJFkSlTU7Mdt6olxEd0fHpv0C3183CuVvhUdEv5sniJnTI3HNU5rGIXJ\ne8j2+VCszJr7VlziOVte6ndhAoGBAJvxSVIGCwZ8IOehCelNa+lnuQPfMmhFpPeN\nxc9KOnxh/XqKeT9+h2/rfHNDaMaIhoTxpNQfUl6voaUCuA1c6FtNdS4c0fUfMcjO\n3lWk3xogsdmv15nNA7N0imHzwezGDR0vFHKjBCsSBauGHgQheLLubl3TMfcn19qL\nfYC685bdAoGAbgNSAfLdzey4Cs8/a73Ynx5lK5/QVfMeVqQ4/HMyRjszax4PKt0f\n//Qmr73li8/1lzPD8OVI6TuXRprRNQS4lvJzJqIOMo6mb3jhEhCpxXS5T09HLWQO\nglmgURt56QBa4eMiYNTnMoinGtbYMER0Rz/7TgoLOxNrNzNINJihJt8=\n-----END RSA PRIVATE KEY-----\n",
            "private_key_pem_pkcs8": "-----BEGIN PRIVATE KEY-----\nMIIEvwIBADANBgkqhkiG9w0BAQEFAASCBKkwggSlAgEAAoIBAQDvosANzlDXVCQb\ngBU1JETvE+JcGhyjnyHriTxPcXjmki0kZIgjs9nB8Kwl6MnI+JkOpg1QHwU/IcpI\nx3jA2H0qP8JckhxUg83N/GqRA5xqrUbjxc3sE2Y/rX1KPNHnh47KdBZeKxJGYZFN\nhsZt2Z8MpsOanAZUYHQrgXk19KmWr7pioWLg5LDyZ42MMw7xhMHicPu+IVDkxs7Z\nsbEXlCiDnINRSRu1NNZ/ASanNaQ6Q8GRRByI6Y7EVjdAy/jpA7zYjpSomsD/H7vH\n9aAhooiwO7Ayla5jGGpkyWERjemFWC1L4gyFgxKKZLhWR6c81iTLUA+Sg4le3+qK\ndObib2b7AgMBAAECggEBAKSBd5KCteB8dKUkUmq+0UvGvLg5fLuefKyy82IeJb8z\nTiYTlZnc13pZ+/OyUQPUFU6HE9CS2wkx6yn3NaA9ff9I8eaWrzgdm2TzCT0v22so\nNOgcXHbaAnFoagBSrE5jMtUsyEYxD0SdqiAsi3/Ry2vl95Xl0jqOVHGhWlJ9+QXl\nnNm/1AQOyErPa0Dp6z3LoFP5/StiLamBes9K6PWeGkw+8bEcv4z1E0nWpMmWOD/Y\noCB0RKyPAvHvSwnKrBzgNFkN7kkZw3cEGjdfYZ5qOIAwC188W8twFSfyjFjpsIA5\nF+R2FP4uhai2FfEqsBn7uK9zZxlfL4AiRE5vzxJlJsECgYEA9Ni9WH/uoQd+ne1Q\nl1uz1XPq7InTciy8mU7SRvc4H6aLNWIJ7SiZ/Bzyt06k2x1CjhZsZHtbGKmei5iM\n1i/S5gOkepMPOQw1YpH9auRjFA1z14IZLA/MGpSvWdCp3I6kYe9j/Y0+RbIHuQzZ\n17dInWuqWrYSxUIFOX1K3OKmwhECgYEA+o0+fhgoJRlDd0t111ok68BM/fSRGVFi\nDUwcpoqchBN+FtHE8TMeNAJWRndyLGrgCf4T/ng26lw1s69/Xduo8KKT6USl2bks\nmP0yDGWAPQ1XvdYCPp0ciKsyb/pmp4Um5Oa3v5RLputBi1B7LN7a6TzSs3rLvDrj\nYjdOCar/zEsCgYEAz0QilSZHJT2o65uXG2nfhBQKjI3n1sEULltRGg3xDqn3Mgt6\nB67VG1yOAqqqV2ofixRkUXMzHF+J/PX4UuBNEbWHqNOQkWRKVNTsx23qiXER3R8e\nm/QLfXzcK5W+FR0S/myeImdMjcc1TmsYhcl7yPb5UKzMmvtWXOI5W17qd2ECgYEA\nm/FJUgYLBnwg56EJ6U1r6We5A98yaEWk943Fz0o6fGH9eop5P36Hb+t8c0NoxoiG\nhPGk1B9SXq+hpQK4DVzoW011LhzR9R8xyM7eVaTfGiCx2a/Xmc0Ds3SKYfPB7MYN\nHS8UcqMEKxIFq4YeBCF4su5uXdMx9yfX2ot9gLrzlt0CgYBuA1IB8t3N7LgKzz9r\nvdifHmUrn9BV8x5WpDj8czJGOzNrHg8q3R//9CavveWLz/WXM8Pw5UjpO5dGmtE1\nBLiW8nMmog4yjqZveOESEKnFdLlPT0ctZA6CWaBRG3npAFrh4yJg1OcyiKca1tgw\nRHRHP/tOCgs7E2s3M0g0mKEm3w==\n-----END PRIVATE KEY-----\n",
            "public_key_fingerprint_md5": "59:e2:5a:72:b9:5a:eb:5c:da:c5:af:df:43:4d:67:2f",
            "public_key_fingerprint_sha256": "SHA256:znBFIJH3r223PJXxW7x1nVCAT323VfjIFLNmmHonzQ0",
            "public_key_openssh": "ssh-rsa AAAAB3NzaC1yc2EAAAADAQABAAABAQDvosANzlDXVCQbgBU1JETvE+JcGhyjnyHriTxPcXjmki0kZIgjs9nB8Kwl6MnI+JkOpg1QHwU/IcpIx3jA2H0qP8JckhxUg83N/GqRA5xqrUbjxc3sE2Y/rX1KPNHnh47KdBZeKxJGYZFNhsZt2Z8MpsOanAZUYHQrgXk19KmWr7pioWLg5LDyZ42MMw7xhMHicPu+IVDkxs7ZsbEXlCiDnINRSRu1NNZ/ASanNaQ6Q8GRRByI6Y7EVjdAy/jpA7zYjpSomsD/H7vH9aAhooiwO7Ayla5jGGpkyWERjemFWC1L4gyFgxKKZLhWR6c81iTLUA+Sg4le3+qKdObib2b7\n",
            "public_key_pem": "-----BEGIN PUBLIC KEY-----\nMIIBIjANBgkqhkiG9w0BAQEFAAOCAQ8AMIIBCgKCAQEA76LADc5Q11QkG4AVNSRE\n7xPiXBoco58h64k8T3F45pItJGSII7PZwfCsJejJyPiZDqYNUB8FPyHKSMd4wNh9\nKj/CXJIcVIPNzfxqkQOcaq1G48XN7BNmP619SjzR54eOynQWXisSRmGRTYbGbdmf\nDKbDmpwGVGB0K4F5NfSplq+6YqFi4OSw8meNjDMO8YTB4nD7viFQ5MbO2bGxF5Qo\ng5yDUUkbtTTWfwEmpzWkOkPBkUQciOmOxFY3QMv46QO82I6UqJrA/x+7x/WgIaKI\nsDuwMpWuYxhqZMlhEY3phVgtS+IMhYMSimS4VkenPNYky1APkoOJXt/qinTm4m9m\n+wIDAQAB\n-----END PUBLIC KEY-----\n",
            "rsa_bits": 2048
          },
          "sensitive_attributes": [
            [
              {
                "type": "get_attr",
                "value": "private_key_pem"
              }
            ],
            [
              {
                "type": "get_attr",
                "value": "private_key_openssh"
              }
            ],
            [
              {
                "type": "get_attr",
                "value": "private_key_pem_pkcs8"
              }
            ]
          ]
        }
      ]
    }
  ],
  "check_results": null
}
